
Microsoft Visual Studio Solution File, Format Version 12.00
# Visual Studio Version 16
VisualStudioVersion = 16.0.29430.225
MinimumVisualStudioVersion = 10.0.40219.1
Project("{6EC3EE1D-3C4E-46DD-8F32-0CC8E7565705}") = "easv_exercise_fsharp", "easv_exercise_fsharp.fsproj", "{8F700ACE-7B70-422B-ABC1-D66D764A02AB}"
EndProject
Global
	GlobalSection(SolutionConfigurationPlatforms) = preSolution
		Debug|Any CPU = Debug|Any CPU
		Release|Any CPU = Release|Any CPU
	EndGlobalSection
	GlobalSection(ProjectConfigurationPlatforms) = postSolution
		{8F700ACE-7B70-422B-ABC1-D66D764A02AB}.Debug|Any CPU.ActiveCfg = Debug|Any CPU
		{8F700ACE-7B70-422B-ABC1-D66D764A02AB}.Debug|Any CPU.Build.0 = Debug|Any CPU
		{8F700ACE-7B70-422B-ABC1-D66D764A02AB}.Release|Any CPU.ActiveCfg = Release|Any CPU
		{8F700ACE-7B70-422B-ABC1-D66D764A02AB}.Release|Any CPU.Build.0 = Release|Any CPU
	EndGlobalSection
	GlobalSection(SolutionProperties) = preSolution
		HideSolutionNode = FALSE
	EndGlobalSection
	GlobalSection(ExtensibilityGlobals) = postSolution
		SolutionGuid = {01CE7A12-B387-4429-8FA2-D6FE327E4A6A}
	EndGlobalSection
EndGlobal
